
Microsoft Visual Studio Solution File, Format Version 12.00
# Visual Studio Version 17
VisualStudioVersion = 17.12.35514.174
MinimumVisualStudioVersion = 10.0.40219.1
Project("{2150E333-8FDC-42A3-9474-1A3956D46DE8}") = "Libraries", "Libraries", "{52476CBE-D3CF-4CF4-9E5B-592C21B3F579}"
EndProject
Project("{2150E333-8FDC-42A3-9474-1A3956D46DE8}") = "Modules", "Modules", "{C843E5FA-59A2-4E21-ADA0-067A8536D72B}"
EndProject
Project("{FAE04EC0-301F-11D3-BF4B-00C04F79EFBC}") = "Nova.Core", "Libraries\Nova.Core\Nova.Core.csproj", "{A95F6AC5-3D15-4F1F-9F2D-9D7BAFD1488C}"
EndProject
Project("{FAE04EC0-301F-11D3-BF4B-00C04F79EFBC}") = "Nova.Data", "Libraries\Nova.Data\Nova.Data.csproj", "{2E4F1F16-C965-4A52-85E3-F07E20A2E99E}"
EndProject
Project("{FAE04EC0-301F-11D3-BF4B-00C04F79EFBC}") = "Nova.Services", "Libraries\Nova.Services\Nova.Services.csproj", "{69F36736-0DD8-45FE-A45A-A72A32F08C4F}"
EndProject
Project("{2150E333-8FDC-42A3-9474-1A3956D46DE8}") = "Rendering", "Rendering", "{28AC4536-CF5A-4C6E-9786-E3D628BAD874}"
EndProject
Project("{2150E333-8FDC-42A3-9474-1A3956D46DE8}") = "Plugins", "Plugins", "{FDA44DB2-DC56-406D-ABDD-53E080CA61DD}"
EndProject
Project("{2150E333-8FDC-42A3-9474-1A3956D46DE8}") = "Keyboard", "Keyboard", "{605F150B-A8C2-4C38-9CE4-EFEEE1A3B2D4}"
EndProject
Project("{2150E333-8FDC-42A3-9474-1A3956D46DE8}") = "Dicom", "Dicom", "{FAAA85A1-1DE3-4DCD-BD71-190421284443}"
EndProject
Project("{FAE04EC0-301F-11D3-BF4B-00C04F79EFBC}") = "Nova.Dicom.Verone", "Plugins\Dicom\Nova.Dicom.Verone\Nova.Dicom.Verone.csproj", "{1E6EF20D-2C14-4608-A8C9-C5E17A566638}"
EndProject
Project("{FAE04EC0-301F-11D3-BF4B-00C04F79EFBC}") = "Nova.Keyboard.C1", "Plugins\Keyboard\Nova.Keyboard.C1\Nova.Keyboard.C1.csproj", "{C5ADA528-9732-44D3-A36B-AE230C9F9A07}"
EndProject
Project("{FAE04EC0-301F-11D3-BF4B-00C04F79EFBC}") = "Nova.Keyboard.Peach", "Plugins\Keyboard\Nova.Keyboard.Peach\Nova.Keyboard.Peach.csproj", "{EA53EA42-C3D8-49CA-8CD9-FE81FCA37ACA}"
EndProject
Project("{FAE04EC0-301F-11D3-BF4B-00C04F79EFBC}") = "Nova.Tests", "Nova.Tests\Nova.Tests.csproj", "{B89BADB9-B5D9-4225-8618-5D3A06FD06FE}"
EndProject
Project("{2150E333-8FDC-42A3-9474-1A3956D46DE8}") = "Archive", "Archive", "{AF76A06B-6736-4DBB-BB6F-60301CBF50F9}"
EndProject
Project("{FAE04EC0-301F-11D3-BF4B-00C04F79EFBC}") = "Module.Archive.Human", "Modules\Archive\Module.Archive.Human\Module.Archive.Human.csproj", "{8F33760D-B02B-46EA-BA2E-232EE3B078E1}"
EndProject
Project("{2150E333-8FDC-42A3-9474-1A3956D46DE8}") = "EasyView", "EasyView", "{DB5B7D17-5322-4274-B8B7-ECE8CC0E7498}"
EndProject
Project("{FAE04EC0-301F-11D3-BF4B-00C04F79EFBC}") = "Module.EasyView.Human", "Modules\EasyView\Module.EasyView.Human\Module.EasyView.Human.csproj", "{12CF8C6E-3F89-4118-B1E9-C0188978CB4A}"
EndProject
Project("{2150E333-8FDC-42A3-9474-1A3956D46DE8}") = "Report", "Report", "{46E16A2A-9352-44F5-90B2-6A77FA0F14CD}"
EndProject
Project("{FAE04EC0-301F-11D3-BF4B-00C04F79EFBC}") = "Module.Report.Human", "Modules\Report\Module.Report.Human\Module.Report.Human.csproj", "{93356C84-330E-4695-B58F-26A724423A50}"
EndProject
Project("{2150E333-8FDC-42A3-9474-1A3956D46DE8}") = "Patient", "Patient", "{13E7B013-39BD-4F67-ABBE-16BC39D36F05}"
EndProject
Project("{FAE04EC0-301F-11D3-BF4B-00C04F79EFBC}") = "Module.Patient.Human", "Modules\Patient\Module.Patient.Human\Module.Patient.Human.csproj", "{6C28C3CF-40D8-4BE9-AF07-95B3578F9E10}"
EndProject
Project("{2150E333-8FDC-42A3-9474-1A3956D46DE8}") = "Widgets", "Widgets", "{411C3D27-D11C-473C-8828-70C7805FC237}"
EndProject
Project("{FAE04EC0-301F-11D3-BF4B-00C04F79EFBC}") = "Module.Widget.Common", "Modules\Wigdets\Module.Widget.Common\Module.Widget.Common.csproj", "{D13F6A17-51A9-49CA-B689-EDB710C7F01B}"
EndProject
Project("{FAE04EC0-301F-11D3-BF4B-00C04F79EFBC}") = "Module.Widget.TopTitle", "Modules\Wigdets\Module.Widget.TopTitle\Module.Widget.TopTitle.csproj", "{3BF13BCD-C583-4954-B5AE-5C92A5B9A734}"
EndProject
Project("{FAE04EC0-301F-11D3-BF4B-00C04F79EFBC}") = "Module.Widget.StatusBar", "Modules\Wigdets\Module.Widget.StatusBar\Module.Widget.StatusBar.csproj", "{D8F76622-B654-4DF2-A2F5-554ABC943EB6}"
EndProject
Project("{FAE04EC0-301F-11D3-BF4B-00C04F79EFBC}") = "Module.Widget.ScanImageBox", "Modules\Wigdets\Module.Widget.ScanImageBox\Module.Widget.ScanImageBox.csproj", "{C4A3855C-D9F8-4655-B720-0A7896461C38}"
EndProject
Project("{FAE04EC0-301F-11D3-BF4B-00C04F79EFBC}") = "Module.Widget.Thumbnail", "Modules\Wigdets\Module.Widget.Thumbnail\Module.Widget.Thumbnail.csproj", "{1F6C9166-54F2-4CC9-B216-91869C85E833}"
EndProject
Project("{FAE04EC0-301F-11D3-BF4B-00C04F79EFBC}") = "Module.Widget.Cineloop", "Modules\Wigdets\Module.Widget.Cineloop\Module.Widget.Cineloop.csproj", "{34F221B9-1EB9-4EFD-8AEB-7C1756DB1DBE}"
EndProject
Project("{2150E333-8FDC-42A3-9474-1A3956D46DE8}") = "MainPage", "MainPage", "{4ED48DF7-447E-48E6-A767-06724D21F09A}"
EndProject
Project("{FAE04EC0-301F-11D3-BF4B-00C04F79EFBC}") = "Module.MainPage.C1", "Modules\MainPage\Module.MainPage.C1\Module.MainPage.C1.csproj", "{F72FDD1E-57EA-43DB-B222-257263A52FE8}"
EndProject
Project("{2150E333-8FDC-42A3-9474-1A3956D46DE8}") = "Setup", "Setup", "{A716853C-C376-439B-B718-384EAD7912D4}"
EndProject
Project("{FAE04EC0-301F-11D3-BF4B-00C04F79EFBC}") = "Module.Setup.Default", "Modules\Setup\Module.Setup.Default\Module.Setup.Default.csproj", "{27257A48-2856-4909-ACF1-F8467301071C}"
EndProject
Project("{FAE04EC0-301F-11D3-BF4B-00C04F79EFBC}") = "Nova.UltraSound.Executable", "Nova.UltraSound.Executable\Nova.UltraSound.Executable.csproj", "{04E42171-FB70-4E98-84B4-B2707A37FD3C}"
EndProject
Global
	GlobalSection(SolutionConfigurationPlatforms) = preSolution
		Debug|Any CPU = Debug|Any CPU
		Release|Any CPU = Release|Any CPU
	EndGlobalSection
	GlobalSection(ProjectConfigurationPlatforms) = postSolution
		{A95F6AC5-3D15-4F1F-9F2D-9D7BAFD1488C}.Debug|Any CPU.ActiveCfg = Debug|Any CPU
		{A95F6AC5-3D15-4F1F-9F2D-9D7BAFD1488C}.Debug|Any CPU.Build.0 = Debug|Any CPU
		{A95F6AC5-3D15-4F1F-9F2D-9D7BAFD1488C}.Release|Any CPU.ActiveCfg = Release|Any CPU
		{A95F6AC5-3D15-4F1F-9F2D-9D7BAFD1488C}.Release|Any CPU.Build.0 = Release|Any CPU
		{2E4F1F16-C965-4A52-85E3-F07E20A2E99E}.Debug|Any CPU.ActiveCfg = Debug|Any CPU
		{2E4F1F16-C965-4A52-85E3-F07E20A2E99E}.Debug|Any CPU.Build.0 = Debug|Any CPU
		{2E4F1F16-C965-4A52-85E3-F07E20A2E99E}.Release|Any CPU.ActiveCfg = Release|Any CPU
		{2E4F1F16-C965-4A52-85E3-F07E20A2E99E}.Release|Any CPU.Build.0 = Release|Any CPU
		{69F36736-0DD8-45FE-A45A-A72A32F08C4F}.Debug|Any CPU.ActiveCfg = Debug|Any CPU
		{69F36736-0DD8-45FE-A45A-A72A32F08C4F}.Debug|Any CPU.Build.0 = Debug|Any CPU
		{69F36736-0DD8-45FE-A45A-A72A32F08C4F}.Release|Any CPU.ActiveCfg = Release|Any CPU
		{69F36736-0DD8-45FE-A45A-A72A32F08C4F}.Release|Any CPU.Build.0 = Release|Any CPU
		{1E6EF20D-2C14-4608-A8C9-C5E17A566638}.Debug|Any CPU.ActiveCfg = Debug|Any CPU
		{1E6EF20D-2C14-4608-A8C9-C5E17A566638}.Debug|Any CPU.Build.0 = Debug|Any CPU
		{1E6EF20D-2C14-4608-A8C9-C5E17A566638}.Release|Any CPU.ActiveCfg = Release|Any CPU
		{1E6EF20D-2C14-4608-A8C9-C5E17A566638}.Release|Any CPU.Build.0 = Release|Any CPU
		{C5ADA528-9732-44D3-A36B-AE230C9F9A07}.Debug|Any CPU.ActiveCfg = Debug|Any CPU
		{C5ADA528-9732-44D3-A36B-AE230C9F9A07}.Debug|Any CPU.Build.0 = Debug|Any CPU
		{C5ADA528-9732-44D3-A36B-AE230C9F9A07}.Release|Any CPU.ActiveCfg = Release|Any CPU
		{C5ADA528-9732-44D3-A36B-AE230C9F9A07}.Release|Any CPU.Build.0 = Release|Any CPU
		{EA53EA42-C3D8-49CA-8CD9-FE81FCA37ACA}.Debug|Any CPU.ActiveCfg = Debug|Any CPU
		{EA53EA42-C3D8-49CA-8CD9-FE81FCA37ACA}.Debug|Any CPU.Build.0 = Debug|Any CPU
		{EA53EA42-C3D8-49CA-8CD9-FE81FCA37ACA}.Release|Any CPU.ActiveCfg = Release|Any CPU
		{EA53EA42-C3D8-49CA-8CD9-FE81FCA37ACA}.Release|Any CPU.Build.0 = Release|Any CPU
		{B89BADB9-B5D9-4225-8618-5D3A06FD06FE}.Debug|Any CPU.ActiveCfg = Debug|Any CPU
		{B89BADB9-B5D9-4225-8618-5D3A06FD06FE}.Debug|Any CPU.Build.0 = Debug|Any CPU
		{B89BADB9-B5D9-4225-8618-5D3A06FD06FE}.Release|Any CPU.ActiveCfg = Release|Any CPU
		{B89BADB9-B5D9-4225-8618-5D3A06FD06FE}.Release|Any CPU.Build.0 = Release|Any CPU
		{8F33760D-B02B-46EA-BA2E-232EE3B078E1}.Debug|Any CPU.ActiveCfg = Debug|Any CPU
		{8F33760D-B02B-46EA-BA2E-232EE3B078E1}.Debug|Any CPU.Build.0 = Debug|Any CPU
		{8F33760D-B02B-46EA-BA2E-232EE3B078E1}.Release|Any CPU.ActiveCfg = Release|Any CPU
		{8F33760D-B02B-46EA-BA2E-232EE3B078E1}.Release|Any CPU.Build.0 = Release|Any CPU
		{12CF8C6E-3F89-4118-B1E9-C0188978CB4A}.Debug|Any CPU.ActiveCfg = Debug|Any CPU
		{12CF8C6E-3F89-4118-B1E9-C0188978CB4A}.Debug|Any CPU.Build.0 = Debug|Any CPU
		{12CF8C6E-3F89-4118-B1E9-C0188978CB4A}.Release|Any CPU.ActiveCfg = Release|Any CPU
		{12CF8C6E-3F89-4118-B1E9-C0188978CB4A}.Release|Any CPU.Build.0 = Release|Any CPU
		{93356C84-330E-4695-B58F-26A724423A50}.Debug|Any CPU.ActiveCfg = Debug|Any CPU
		{93356C84-330E-4695-B58F-26A724423A50}.Debug|Any CPU.Build.0 = Debug|Any CPU
		{93356C84-330E-4695-B58F-26A724423A50}.Release|Any CPU.ActiveCfg = Release|Any CPU
		{93356C84-330E-4695-B58F-26A724423A50}.Release|Any CPU.Build.0 = Release|Any CPU
		{6C28C3CF-40D8-4BE9-AF07-95B3578F9E10}.Debug|Any CPU.ActiveCfg = Debug|Any CPU
		{6C28C3CF-40D8-4BE9-AF07-95B3578F9E10}.Debug|Any CPU.Build.0 = Debug|Any CPU
		{6C28C3CF-40D8-4BE9-AF07-95B3578F9E10}.Release|Any CPU.ActiveCfg = Release|Any CPU
		{6C28C3CF-40D8-4BE9-AF07-95B3578F9E10}.Release|Any CPU.Build.0 = Release|Any CPU
		{D13F6A17-51A9-49CA-B689-EDB710C7F01B}.Debug|Any CPU.ActiveCfg = Debug|Any CPU
		{D13F6A17-51A9-49CA-B689-EDB710C7F01B}.Debug|Any CPU.Build.0 = Debug|Any CPU
		{D13F6A17-51A9-49CA-B689-EDB710C7F01B}.Release|Any CPU.ActiveCfg = Release|Any CPU
		{D13F6A17-51A9-49CA-B689-EDB710C7F01B}.Release|Any CPU.Build.0 = Release|Any CPU
		{3BF13BCD-C583-4954-B5AE-5C92A5B9A734}.Debug|Any CPU.ActiveCfg = Debug|Any CPU
		{3BF13BCD-C583-4954-B5AE-5C92A5B9A734}.Debug|Any CPU.Build.0 = Debug|Any CPU
		{3BF13BCD-C583-4954-B5AE-5C92A5B9A734}.Release|Any CPU.ActiveCfg = Release|Any CPU
		{3BF13BCD-C583-4954-B5AE-5C92A5B9A734}.Release|Any CPU.Build.0 = Release|Any CPU
		{D8F76622-B654-4DF2-A2F5-554ABC943EB6}.Debug|Any CPU.ActiveCfg = Debug|Any CPU
		{D8F76622-B654-4DF2-A2F5-554ABC943EB6}.Debug|Any CPU.Build.0 = Debug|Any CPU
		{D8F76622-B654-4DF2-A2F5-554ABC943EB6}.Release|Any CPU.ActiveCfg = Release|Any CPU
		{D8F76622-B654-4DF2-A2F5-554ABC943EB6}.Release|Any CPU.Build.0 = Release|Any CPU
		{C4A3855C-D9F8-4655-B720-0A7896461C38}.Debug|Any CPU.ActiveCfg = Debug|Any CPU
		{C4A3855C-D9F8-4655-B720-0A7896461C38}.Debug|Any CPU.Build.0 = Debug|Any CPU
		{C4A3855C-D9F8-4655-B720-0A7896461C38}.Release|Any CPU.ActiveCfg = Release|Any CPU
		{C4A3855C-D9F8-4655-B720-0A7896461C38}.Release|Any CPU.Build.0 = Release|Any CPU
		{1F6C9166-54F2-4CC9-B216-91869C85E833}.Debug|Any CPU.ActiveCfg = Debug|Any CPU
		{1F6C9166-54F2-4CC9-B216-91869C85E833}.Debug|Any CPU.Build.0 = Debug|Any CPU
		{1F6C9166-54F2-4CC9-B216-91869C85E833}.Release|Any CPU.ActiveCfg = Release|Any CPU
		{1F6C9166-54F2-4CC9-B216-91869C85E833}.Release|Any CPU.Build.0 = Release|Any CPU
		{34F221B9-1EB9-4EFD-8AEB-7C1756DB1DBE}.Debug|Any CPU.ActiveCfg = Debug|Any CPU
		{34F221B9-1EB9-4EFD-8AEB-7C1756DB1DBE}.Debug|Any CPU.Build.0 = Debug|Any CPU
		{34F221B9-1EB9-4EFD-8AEB-7C1756DB1DBE}.Release|Any CPU.ActiveCfg = Release|Any CPU
		{34F221B9-1EB9-4EFD-8AEB-7C1756DB1DBE}.Release|Any CPU.Build.0 = Release|Any CPU
		{F72FDD1E-57EA-43DB-B222-257263A52FE8}.Debug|Any CPU.ActiveCfg = Debug|Any CPU
		{F72FDD1E-57EA-43DB-B222-257263A52FE8}.Debug|Any CPU.Build.0 = Debug|Any CPU
		{F72FDD1E-57EA-43DB-B222-257263A52FE8}.Release|Any CPU.ActiveCfg = Release|Any CPU
		{F72FDD1E-57EA-43DB-B222-257263A52FE8}.Release|Any CPU.Build.0 = Release|Any CPU
		{27257A48-2856-4909-ACF1-F8467301071C}.Debug|Any CPU.ActiveCfg = Debug|Any CPU
		{27257A48-2856-4909-ACF1-F8467301071C}.Debug|Any CPU.Build.0 = Debug|Any CPU
		{27257A48-2856-4909-ACF1-F8467301071C}.Release|Any CPU.ActiveCfg = Release|Any CPU
		{27257A48-2856-4909-ACF1-F8467301071C}.Release|Any CPU.Build.0 = Release|Any CPU
		{04E42171-FB70-4E98-84B4-B2707A37FD3C}.Debug|Any CPU.ActiveCfg = Debug|Any CPU
		{04E42171-FB70-4E98-84B4-B2707A37FD3C}.Debug|Any CPU.Build.0 = Debug|Any CPU
		{04E42171-FB70-4E98-84B4-B2707A37FD3C}.Release|Any CPU.ActiveCfg = Release|Any CPU
		{04E42171-FB70-4E98-84B4-B2707A37FD3C}.Release|Any CPU.Build.0 = Release|Any CPU
	EndGlobalSection
	GlobalSection(SolutionProperties) = preSolution
		HideSolutionNode = FALSE
	EndGlobalSection
	GlobalSection(NestedProjects) = preSolution
		{A95F6AC5-3D15-4F1F-9F2D-9D7BAFD1488C} = {52476CBE-D3CF-4CF4-9E5B-592C21B3F579}
		{2E4F1F16-C965-4A52-85E3-F07E20A2E99E} = {52476CBE-D3CF-4CF4-9E5B-592C21B3F579}
		{69F36736-0DD8-45FE-A45A-A72A32F08C4F} = {52476CBE-D3CF-4CF4-9E5B-592C21B3F579}
		{605F150B-A8C2-4C38-9CE4-EFEEE1A3B2D4} = {FDA44DB2-DC56-406D-ABDD-53E080CA61DD}
		{FAAA85A1-1DE3-4DCD-BD71-190421284443} = {FDA44DB2-DC56-406D-ABDD-53E080CA61DD}
		{1E6EF20D-2C14-4608-A8C9-C5E17A566638} = {FAAA85A1-1DE3-4DCD-BD71-190421284443}
		{C5ADA528-9732-44D3-A36B-AE230C9F9A07} = {605F150B-A8C2-4C38-9CE4-EFEEE1A3B2D4}
		{EA53EA42-C3D8-49CA-8CD9-FE81FCA37ACA} = {605F150B-A8C2-4C38-9CE4-EFEEE1A3B2D4}
		{AF76A06B-6736-4DBB-BB6F-60301CBF50F9} = {C843E5FA-59A2-4E21-ADA0-067A8536D72B}
		{8F33760D-B02B-46EA-BA2E-232EE3B078E1} = {AF76A06B-6736-4DBB-BB6F-60301CBF50F9}
		{DB5B7D17-5322-4274-B8B7-ECE8CC0E7498} = {C843E5FA-59A2-4E21-ADA0-067A8536D72B}
		{12CF8C6E-3F89-4118-B1E9-C0188978CB4A} = {DB5B7D17-5322-4274-B8B7-ECE8CC0E7498}
		{46E16A2A-9352-44F5-90B2-6A77FA0F14CD} = {C843E5FA-59A2-4E21-ADA0-067A8536D72B}
		{93356C84-330E-4695-B58F-26A724423A50} = {46E16A2A-9352-44F5-90B2-6A77FA0F14CD}
		{13E7B013-39BD-4F67-ABBE-16BC39D36F05} = {C843E5FA-59A2-4E21-ADA0-067A8536D72B}
		{6C28C3CF-40D8-4BE9-AF07-95B3578F9E10} = {13E7B013-39BD-4F67-ABBE-16BC39D36F05}
		{411C3D27-D11C-473C-8828-70C7805FC237} = {C843E5FA-59A2-4E21-ADA0-067A8536D72B}
		{D13F6A17-51A9-49CA-B689-EDB710C7F01B} = {411C3D27-D11C-473C-8828-70C7805FC237}
		{3BF13BCD-C583-4954-B5AE-5C92A5B9A734} = {411C3D27-D11C-473C-8828-70C7805FC237}
		{D8F76622-B654-4DF2-A2F5-554ABC943EB6} = {411C3D27-D11C-473C-8828-70C7805FC237}
		{C4A3855C-D9F8-4655-B720-0A7896461C38} = {411C3D27-D11C-473C-8828-70C7805FC237}
		{1F6C9166-54F2-4CC9-B216-91869C85E833} = {411C3D27-D11C-473C-8828-70C7805FC237}
		{34F221B9-1EB9-4EFD-8AEB-7C1756DB1DBE} = {411C3D27-D11C-473C-8828-70C7805FC237}
		{4ED48DF7-447E-48E6-A767-06724D21F09A} = {C843E5FA-59A2-4E21-ADA0-067A8536D72B}
		{F72FDD1E-57EA-43DB-B222-257263A52FE8} = {4ED48DF7-447E-48E6-A767-06724D21F09A}
		{A716853C-C376-439B-B718-384EAD7912D4} = {C843E5FA-59A2-4E21-ADA0-067A8536D72B}
		{27257A48-2856-4909-ACF1-F8467301071C} = {A716853C-C376-439B-B718-384EAD7912D4}
	EndGlobalSection
EndGlobal
