
Microsoft Visual Studio Solution File, Format Version 12.00
# Visual Studio Version 17
VisualStudioVersion = 17.11.35222.181
MinimumVisualStudioVersion = 10.0.40219.1
Project("{2150E333-8FDC-42A3-9474-1A3956D46DE8}") = "Libraries", "Libraries", "{C0AF6942-64C6-499B-AF1E-B20CF18DCE88}"
EndProject
Project("{9A19103F-16F7-4668-BE54-9A1E7A4F7556}") = "Nova.Core", "Libraries\Nova.Core\Nova.Core.csproj", "{6785D362-4544-40B6-BA69-E92E85F8700B}"
EndProject
Project("{9A19103F-16F7-4668-BE54-9A1E7A4F7556}") = "Nova.Data", "Libraries\Nova.Data\Nova.Data.csproj", "{C4E6DED8-B815-425B-A88A-4479555DA871}"
EndProject
Project("{9A19103F-16F7-4668-BE54-9A1E7A4F7556}") = "Nova.Services", "Libraries\Nova.Services\Nova.Services.csproj", "{0E0EB8B1-EA2B-41F9-9589-A1A2C6B22278}"
EndProject
Project("{9A19103F-16F7-4668-BE54-9A1E7A4F7556}") = "Nova.UltraSound.Executable", "Nova.UltraSound.Executable\Nova.UltraSound.Executable.csproj", "{411238C6-C7EE-4076-9E3D-CE5E343DDFF3}"
EndProject
Project("{2150E333-8FDC-42A3-9474-1A3956D46DE8}") = "Nova.Plugins", "Nova.Plugins", "{59153734-5B9A-4116-9BF7-54AACB1E644A}"
EndProject
Project("{2150E333-8FDC-42A3-9474-1A3956D46DE8}") = "Nova.Keyboard", "Nova.Keyboard", "{C6FFDC6B-43BD-490F-81F8-F1CBD922B736}"
EndProject
Project("{2150E333-8FDC-42A3-9474-1A3956D46DE8}") = "Nova.Dicom", "Nova.Dicom", "{E142FE40-5967-4906-8566-5358516ECF62}"
EndProject
Project("{2150E333-8FDC-42A3-9474-1A3956D46DE8}") = "Resources", "Resources", "{C6E873CB-F592-4439-BEF2-3B29B24D0710}"
EndProject
Project("{2150E333-8FDC-42A3-9474-1A3956D46DE8}") = "AppIcon", "AppIcon", "{7E0BAEF7-7234-4A85-9DF2-C0C36F4C1C11}"
EndProject
Project("{2150E333-8FDC-42A3-9474-1A3956D46DE8}") = "Fonts", "Fonts", "{3CCEAEE9-7815-4A34-BC8E-A596BFAC7074}"
EndProject
Project("{2150E333-8FDC-42A3-9474-1A3956D46DE8}") = "Images", "Images", "{136BCFA3-97DF-41D7-9AA8-64BA0F3BF1C4}"
EndProject
Project("{2150E333-8FDC-42A3-9474-1A3956D46DE8}") = "Raw", "Raw", "{CE544F99-892C-4DCC-BEC2-D705D9B80132}"
EndProject
Project("{2150E333-8FDC-42A3-9474-1A3956D46DE8}") = "Splash", "Splash", "{623E0F4B-D898-40EC-9D9D-99BC0A76E8E4}"
EndProject
Project("{2150E333-8FDC-42A3-9474-1A3956D46DE8}") = "Styles", "Styles", "{3ECB8145-7642-48BD-B64B-7F069EABAAAE}"
EndProject
Project("{2150E333-8FDC-42A3-9474-1A3956D46DE8}") = "Modules", "Modules", "{91F9263E-879E-4A98-B6B1-B4972B9EF789}"
EndProject
Project("{2150E333-8FDC-42A3-9474-1A3956D46DE8}") = "Module.Archive", "Module.Archive", "{20094A5D-356D-46E6-A046-BB806A640ABA}"
EndProject
Project("{2150E333-8FDC-42A3-9474-1A3956D46DE8}") = "Module.Measurement", "Module.Measurement", "{5B920E01-D2F3-4986-A17E-2D4133C00572}"
EndProject
Project("{2150E333-8FDC-42A3-9474-1A3956D46DE8}") = "Module.Patient", "Module.Patient", "{96C76965-B29E-4FBB-B9AC-E25A413243D5}"
EndProject
Project("{2150E333-8FDC-42A3-9474-1A3956D46DE8}") = "Module.Report", "Module.Report", "{2F203CB0-9BA7-4510-8799-0ED4B1D7637F}"
EndProject
Project("{2150E333-8FDC-42A3-9474-1A3956D46DE8}") = "Module.Setup", "Module.Setup", "{747FBB5E-DDD1-407C-B024-FF4278DAC969}"
EndProject
Project("{2150E333-8FDC-42A3-9474-1A3956D46DE8}") = "Module.TouchScreen", "Module.TouchScreen", "{708190F6-E5A2-4715-9C88-3B1B13ACFF06}"
EndProject
Project("{2150E333-8FDC-42A3-9474-1A3956D46DE8}") = "Module.Widgets", "Module.Widgets", "{FC4BFCDE-A0CE-43D1-B3D8-643EF8536491}"
EndProject
Project("{2150E333-8FDC-42A3-9474-1A3956D46DE8}") = "Localization", "Localization", "{DCBD4EB9-985B-4B20-B259-8877E41E06F4}"
EndProject
Project("{2150E333-8FDC-42A3-9474-1A3956D46DE8}") = "Nova.Themes", "Nova.Themes", "{DEECAAF2-EF91-4990-8D87-4AA81827C78D}"
EndProject
Project("{2150E333-8FDC-42A3-9474-1A3956D46DE8}") = "Module.MainPage", "Module.MainPage", "{C9BA1EA2-1A18-4FBD-A7AD-DD29B34D0BC0}"
EndProject
Project("{FAE04EC0-301F-11D3-BF4B-00C04F79EFBC}") = "Module.MainPage.Peach", "Modules\Module.MainPage\Module.MainPage.Peach\Module.MainPage.Peach.csproj", "{ED3F500C-AA09-4CC2-A894-FE6F722C8C40}"
EndProject
Project("{FAE04EC0-301F-11D3-BF4B-00C04F79EFBC}") = "Module.MainPage.C1", "Modules\Module.MainPage\Module.MainPage.C1\Module.MainPage.C1.csproj", "{4C1287EB-3F82-4D6A-B1A0-F415DEA035DB}"
EndProject
Global
	GlobalSection(SolutionConfigurationPlatforms) = preSolution
		Debug|Any CPU = Debug|Any CPU
		Release|Any CPU = Release|Any CPU
	EndGlobalSection
	GlobalSection(ProjectConfigurationPlatforms) = postSolution
		{6785D362-4544-40B6-BA69-E92E85F8700B}.Debug|Any CPU.ActiveCfg = Debug|Any CPU
		{6785D362-4544-40B6-BA69-E92E85F8700B}.Debug|Any CPU.Build.0 = Debug|Any CPU
		{6785D362-4544-40B6-BA69-E92E85F8700B}.Release|Any CPU.ActiveCfg = Release|Any CPU
		{6785D362-4544-40B6-BA69-E92E85F8700B}.Release|Any CPU.Build.0 = Release|Any CPU
		{C4E6DED8-B815-425B-A88A-4479555DA871}.Debug|Any CPU.ActiveCfg = Debug|Any CPU
		{C4E6DED8-B815-425B-A88A-4479555DA871}.Debug|Any CPU.Build.0 = Debug|Any CPU
		{C4E6DED8-B815-425B-A88A-4479555DA871}.Release|Any CPU.ActiveCfg = Release|Any CPU
		{C4E6DED8-B815-425B-A88A-4479555DA871}.Release|Any CPU.Build.0 = Release|Any CPU
		{0E0EB8B1-EA2B-41F9-9589-A1A2C6B22278}.Debug|Any CPU.ActiveCfg = Debug|Any CPU
		{0E0EB8B1-EA2B-41F9-9589-A1A2C6B22278}.Debug|Any CPU.Build.0 = Debug|Any CPU
		{0E0EB8B1-EA2B-41F9-9589-A1A2C6B22278}.Release|Any CPU.ActiveCfg = Release|Any CPU
		{0E0EB8B1-EA2B-41F9-9589-A1A2C6B22278}.Release|Any CPU.Build.0 = Release|Any CPU
		{411238C6-C7EE-4076-9E3D-CE5E343DDFF3}.Debug|Any CPU.ActiveCfg = Debug|Any CPU
		{411238C6-C7EE-4076-9E3D-CE5E343DDFF3}.Debug|Any CPU.Build.0 = Debug|Any CPU
		{411238C6-C7EE-4076-9E3D-CE5E343DDFF3}.Release|Any CPU.ActiveCfg = Release|Any CPU
		{411238C6-C7EE-4076-9E3D-CE5E343DDFF3}.Release|Any CPU.Build.0 = Release|Any CPU
		{ED3F500C-AA09-4CC2-A894-FE6F722C8C40}.Debug|Any CPU.ActiveCfg = Debug|Any CPU
		{ED3F500C-AA09-4CC2-A894-FE6F722C8C40}.Debug|Any CPU.Build.0 = Debug|Any CPU
		{ED3F500C-AA09-4CC2-A894-FE6F722C8C40}.Release|Any CPU.ActiveCfg = Release|Any CPU
		{ED3F500C-AA09-4CC2-A894-FE6F722C8C40}.Release|Any CPU.Build.0 = Release|Any CPU
		{4C1287EB-3F82-4D6A-B1A0-F415DEA035DB}.Debug|Any CPU.ActiveCfg = Debug|Any CPU
		{4C1287EB-3F82-4D6A-B1A0-F415DEA035DB}.Debug|Any CPU.Build.0 = Debug|Any CPU
		{4C1287EB-3F82-4D6A-B1A0-F415DEA035DB}.Release|Any CPU.ActiveCfg = Release|Any CPU
		{4C1287EB-3F82-4D6A-B1A0-F415DEA035DB}.Release|Any CPU.Build.0 = Release|Any CPU
	EndGlobalSection
	GlobalSection(SolutionProperties) = preSolution
		HideSolutionNode = FALSE
	EndGlobalSection
	GlobalSection(NestedProjects) = preSolution
		{6785D362-4544-40B6-BA69-E92E85F8700B} = {C0AF6942-64C6-499B-AF1E-B20CF18DCE88}
		{C4E6DED8-B815-425B-A88A-4479555DA871} = {C0AF6942-64C6-499B-AF1E-B20CF18DCE88}
		{0E0EB8B1-EA2B-41F9-9589-A1A2C6B22278} = {C0AF6942-64C6-499B-AF1E-B20CF18DCE88}
		{7E0BAEF7-7234-4A85-9DF2-C0C36F4C1C11} = {C6E873CB-F592-4439-BEF2-3B29B24D0710}
		{3CCEAEE9-7815-4A34-BC8E-A596BFAC7074} = {C6E873CB-F592-4439-BEF2-3B29B24D0710}
		{136BCFA3-97DF-41D7-9AA8-64BA0F3BF1C4} = {C6E873CB-F592-4439-BEF2-3B29B24D0710}
		{CE544F99-892C-4DCC-BEC2-D705D9B80132} = {C6E873CB-F592-4439-BEF2-3B29B24D0710}
		{623E0F4B-D898-40EC-9D9D-99BC0A76E8E4} = {C6E873CB-F592-4439-BEF2-3B29B24D0710}
		{3ECB8145-7642-48BD-B64B-7F069EABAAAE} = {C6E873CB-F592-4439-BEF2-3B29B24D0710}
		{20094A5D-356D-46E6-A046-BB806A640ABA} = {91F9263E-879E-4A98-B6B1-B4972B9EF789}
		{5B920E01-D2F3-4986-A17E-2D4133C00572} = {91F9263E-879E-4A98-B6B1-B4972B9EF789}
		{96C76965-B29E-4FBB-B9AC-E25A413243D5} = {91F9263E-879E-4A98-B6B1-B4972B9EF789}
		{2F203CB0-9BA7-4510-8799-0ED4B1D7637F} = {91F9263E-879E-4A98-B6B1-B4972B9EF789}
		{747FBB5E-DDD1-407C-B024-FF4278DAC969} = {91F9263E-879E-4A98-B6B1-B4972B9EF789}
		{708190F6-E5A2-4715-9C88-3B1B13ACFF06} = {91F9263E-879E-4A98-B6B1-B4972B9EF789}
		{FC4BFCDE-A0CE-43D1-B3D8-643EF8536491} = {91F9263E-879E-4A98-B6B1-B4972B9EF789}
		{DCBD4EB9-985B-4B20-B259-8877E41E06F4} = {C6E873CB-F592-4439-BEF2-3B29B24D0710}
		{C9BA1EA2-1A18-4FBD-A7AD-DD29B34D0BC0} = {91F9263E-879E-4A98-B6B1-B4972B9EF789}
		{ED3F500C-AA09-4CC2-A894-FE6F722C8C40} = {C9BA1EA2-1A18-4FBD-A7AD-DD29B34D0BC0}
		{4C1287EB-3F82-4D6A-B1A0-F415DEA035DB} = {C9BA1EA2-1A18-4FBD-A7AD-DD29B34D0BC0}
	EndGlobalSection
	GlobalSection(ExtensibilityGlobals) = postSolution
		SolutionGuid = {1E7D4873-24FC-4101-B1B7-4B98DFBD04C9}
	EndGlobalSection
EndGlobal
